{
    "name": "holi-overlay",
    "version": "1.0.0",
    "lockfileVersion": 3,
    "requires": true,
    "packages": {
        "": {
            "name": "holi-overlay",
            "version": "1.0.0",
            "license": "MIT",
            "dependencies": {
                "holi-overlay": "^1.0.0"
            }
        },
        "node_modules/holi-overlay": {
            "version": "1.0.0",
            "resolved": "https://registry.npmjs.org/holi-overlay/-/holi-overlay-1.0.0.tgz",
            "integrity": "sha512-7kvDDGpIaEao3juQLj7rMuK4Z9VcUXz8ifufieFwBewxgA7L8ZZDtZ5FdEI1ARfqC+6yPGAO6pbNifa2P8vyPQ==",
            "license": "MIT"
        }
    }
}
